
Microsoft Visual Studio Solution File, Format Version 12.00
# Visual Studio 15
VisualStudioVersion = 15.0.28307.1778
MinimumVisualStudioVersion = 10.0.40219.1
Project("{8BC9CEB8-8B4A-11D0-8D11-00A0C91BC942}") = "cov2022", "cov2022\cov2022.vcxproj", "{C0575441-5AAE-4026-8270-03D2E4A39FDA}"
EndProject
Global
	GlobalSection(SolutionConfigurationPlatforms) = preSolution
		Debug|x64 = Debug|x64
		Debug|x86 = Debug|x86
		Release|x64 = Release|x64
		Release|x86 = Release|x86
	EndGlobalSection
	GlobalSection(ProjectConfigurationPlatforms) = postSolution
		{C0575441-5AAE-4026-8270-03D2E4A39FDA}.Debug|x64.ActiveCfg = Debug|x64
		{C0575441-5AAE-4026-8270-03D2E4A39FDA}.Debug|x64.Build.0 = Debug|x64
		{C0575441-5AAE-4026-8270-03D2E4A39FDA}.Debug|x86.ActiveCfg = Debug|Win32
		{C0575441-5AAE-4026-8270-03D2E4A39FDA}.Debug|x86.Build.0 = Debug|Win32
		{C0575441-5AAE-4026-8270-03D2E4A39FDA}.Release|x64.ActiveCfg = Release|x64
		{C0575441-5AAE-4026-8270-03D2E4A39FDA}.Release|x64.Build.0 = Release|x64
		{C0575441-5AAE-4026-8270-03D2E4A39FDA}.Release|x86.ActiveCfg = Release|Win32
		{C0575441-5AAE-4026-8270-03D2E4A39FDA}.Release|x86.Build.0 = Release|Win32
	EndGlobalSection
	GlobalSection(SolutionProperties) = preSolution
		HideSolutionNode = FALSE
	EndGlobalSection
	GlobalSection(ExtensibilityGlobals) = postSolution
		SolutionGuid = {706CC82B-31FD-4B01-ABA4-55D5EFA08729}
	EndGlobalSection
EndGlobal
